{
  "name": "prisma-test",
  "version": "1.0.0",
  "lockfileVersion": 2,
  "requires": true,
  "packages": {
    "": {
      "name": "prisma-test",
      "version": "1.0.0",
      "license": "ISC",
      "dependencies": {
        "@prisma/client": "^3.13.0"
      },
      "devDependencies": {
        "@swc/core": "^1.2.172",
        "@tsconfig/strictest": "^1.0.1",
        "@types/node": "^17.0.29",
        "prisma": "^3.13.0",
        "ts-node": "^10.7.0"
      }
    },
    "node_modules/@cspotcode/source-map-consumer": {
      "version": "0.8.0",
      "resolved": "https://registry.npmjs.org/@cspotcode/source-map-consumer/-/source-map-consumer-0.8.0.tgz",
      "integrity": "sha512-41qniHzTU8yAGbCp04ohlmSrZf8bkf/iJsl3V0dRGsQN/5GFfx+LbCSsCpp2gqrqjTVg/K6O8ycoV35JIwAzAg==",
      "dev": true,
      "engines": {
        "node": ">= 12"
      }
    },
    "node_modules/@cspotcode/source-map-support": {
      "version": "0.7.0",
      "resolved": "https://registry.npmjs.org/@cspotcode/source-map-support/-/source-map-support-0.7.0.tgz",
      "integrity": "sha512-X4xqRHqN8ACt2aHVe51OxeA2HjbcL4MqFqXkrmQszJ1NOUuUu5u6Vqx/0lZSVNku7velL5FC/s5uEAj1lsBMhA==",
      "dev": true,
      "dependencies": {
        "@cspotcode/source-map-consumer": "0.8.0"
      },
      "engines": {
        "node": ">=12"
      }
    },
    "node_modules/@prisma/client": {
      "version": "3.13.0",
      "resolved": "https://registry.npmjs.org/@prisma/client/-/client-3.13.0.tgz",
      "integrity": "sha512-lnEA2tTyVbO5mS1ehmHJQKBDiKB8shaR6s3azwj3Azfi5XHIfnqmkolLCvUeFYnkDCNVzGXJpUgKwQt/UOOYVQ==",
      "hasInstallScript": true,
      "dependencies": {
        "@prisma/engines-version": "3.13.0-17.efdf9b1183dddfd4258cd181a72125755215ab7b"
      },
      "engines": {
        "node": ">=12.6"
      },
      "peerDependencies": {
        "prisma": "*"
      },
      "peerDependenciesMeta": {
        "prisma": {
          "optional": true
        }
      }
    },
    "node_modules/@prisma/engines": {
      "version": "3.13.0-17.efdf9b1183dddfd4258cd181a72125755215ab7b",
      "resolved": "https://registry.npmjs.org/@prisma/engines/-/engines-3.13.0-17.efdf9b1183dddfd4258cd181a72125755215ab7b.tgz",
      "integrity": "sha512-Ip9CcCeUocH61eXu4BUGpvl5KleQyhcUVLpWCv+0ZmDv44bFaDpREqjGHHdRupvPN/ugB6gTlD9b9ewdj02yVA==",
      "devOptional": true,
      "hasInstallScript": true
    },
    "node_modules/@prisma/engines-version": {
      "version": "3.13.0-17.efdf9b1183dddfd4258cd181a72125755215ab7b",
      "resolved": "https://registry.npmjs.org/@prisma/engines-version/-/engines-version-3.13.0-17.efdf9b1183dddfd4258cd181a72125755215ab7b.tgz",
      "integrity": "sha512-TGp9rvgJIKo8NgvAHSwOosbut9mTA7VC6/rpQI9gh+ySSRjdQFhbGyNUiOcQrlI9Ob2DWeO7y4HEnhdKxYiECg=="
    },
    "node_modules/@swc/core": {
      "version": "1.2.172",
      "resolved": "https://registry.npmjs.org/@swc/core/-/core-1.2.172.tgz",
      "integrity": "sha512-Jd3Czz46LUrBldXO1G9LUOoH/PxkRWxwsf2siUaX5arC2bkQsRt7i7czVHo0cbaCo78Nr84jvDN1gBr6e1aEtQ==",
      "dev": true,
      "bin": {
        "swcx": "run_swcx.js"
      },
      "engines": {
        "node": ">=10"
      },
      "funding": {
        "type": "opencollective",
        "url": "https://opencollective.com/swc"
      },
      "optionalDependencies": {
        "@swc/core-android-arm-eabi": "1.2.172",
        "@swc/core-android-arm64": "1.2.172",
        "@swc/core-darwin-arm64": "1.2.172",
        "@swc/core-darwin-x64": "1.2.172",
        "@swc/core-freebsd-x64": "1.2.172",
        "@swc/core-linux-arm-gnueabihf": "1.2.172",
        "@swc/core-linux-arm64-gnu": "1.2.172",
        "@swc/core-linux-arm64-musl": "1.2.172",
        "@swc/core-linux-x64-gnu": "1.2.172",
        "@swc/core-linux-x64-musl": "1.2.172",
        "@swc/core-win32-arm64-msvc": "1.2.172",
        "@swc/core-win32-ia32-msvc": "1.2.172",
        "@swc/core-win32-x64-msvc": "1.2.172"
      }
    },
    "node_modules/@swc/core-android-arm-eabi": {
      "version": "1.2.172",
      "resolved": "https://registry.npmjs.org/@swc/core-android-arm-eabi/-/core-android-arm-eabi-1.2.172.tgz",
      "integrity": "sha512-r0Jf/ZArqPDQ0zojA2IrI4/OZoWUu/Rti0dbO/f5lYJNzasNZwelhN7xrGrzTm39ZFL5ekDw66FLFPP0q0bMgw==",
      "cpu": [
        "arm"
      ],
      "dev": true,
      "optional": true,
      "os": [
        "android"
      ],
      "engines": {
        "node": ">=10"
      }
    },
    "node_modules/@swc/core-android-arm64": {
      "version": "1.2.172",
      "resolved": "https://registry.npmjs.org/@swc/core-android-arm64/-/core-android-arm64-1.2.172.tgz",
      "integrity": "sha512-l+D0nq6jR6FV8NwhWKIz1lwGbGBHAK8OnmyJfgiVnv+vMGm8LEocU7T2XBq+5ixWdeMtIYbD/g0zapbcaWbouw==",
      "cpu": [
        "arm64"
      ],
      "dev": true,
      "optional": true,
      "os": [
        "android"
      ],
      "engines": {
        "node": ">=10"
      }
    },
    "node_modules/@swc/core-darwin-arm64": {
      "version": "1.2.172",
      "resolved": "https://registry.npmjs.org/@swc/core-darwin-arm64/-/core-darwin-arm64-1.2.172.tgz",
      "integrity": "sha512-8BnauUKiScAEXzS6Ldk8GNP2BnH8RS5nF93xaeO0cUgc7QuBarwH5Y+tSCY9Vy4uUkCBY1gKe8yaJUXsvT5C0w==",
      "cpu": [
        "arm64"
      ],
      "dev": true,
      "optional": true,
      "os": [
        "darwin"
      ],
      "engines": {
        "node": ">=10"
      }
    },
    "node_modules/@swc/core-darwin-x64": {
      "version": "1.2.172",
      "resolved": "https://registry.npmjs.org/@swc/core-darwin-x64/-/core-darwin-x64-1.2.172.tgz",
      "integrity": "sha512-NlT+ginLBAYlGQzXiW+ZjlBD2/dTP5mo0ByF0nIdku4cFiTbIOfuTe6Uc0SrcIER1vuVBBvJkZmVrtgaV8DeAQ==",
      "cpu": [
        "x64"
      ],
      "dev": true,
      "optional": true,
      "os": [
        "darwin"
      ],
      "engines": {
        "node": ">=10"
      }
    },
    "node_modules/@swc/core-freebsd-x64": {
      "version": "1.2.172",
      "resolved": "https://registry.npmjs.org/@swc/core-freebsd-x64/-/core-freebsd-x64-1.2.172.tgz",
      "integrity": "sha512-TBDGbX9WInEAOCAYWJthqhCpqcETjTSYVNicKQsUMSbYbBOYqtOSeLBKxDTT7E4sP4owvUW8mzig5Iuz2vJseg==",
      "cpu": [
        "x64"
      ],
      "dev": true,
      "optional": true,
      "os": [
        "freebsd"
      ],
      "engines": {
        "node": ">=10"
      }
    },
    "node_modules/@swc/core-linux-arm-gnueabihf": {
      "version": "1.2.172",
      "resolved": "https://registry.npmjs.org/@swc/core-linux-arm-gnueabihf/-/core-linux-arm-gnueabihf-1.2.172.tgz",
      "integrity": "sha512-oe+py6WiWRi/IqmkQFfD7HEkGTv1AAYgTW0sxDbsQP7BM8FyKtMyJoey1umE5IumewSf5gAZ8Twf4h0YPvR5wQ==",
      "cpu": [
        "arm"
      ],
      "dev": true,
      "optional": true,
      "os": [
        "linux"
      ],
      "engines": {
        "node": ">=10"
      }
    },
    "node_modules/@swc/core-linux-arm64-gnu": {
      "version": "1.2.172",
      "resolved": "https://registry.npmjs.org/@swc/core-linux-arm64-gnu/-/core-linux-arm64-gnu-1.2.172.tgz",
      "integrity": "sha512-dlseuiwjR1/sDNOJtpLB/MxeyuPq+5M6gzB+E1IVHZNSDeexXt8jVF7pomTHLmIkKl8sm2uVwVKK6r2KUH9Gcg==",
      "cpu": [
        "arm64"
      ],
      "dev": true,
      "optional": true,
      "os": [
        "linux"
      ],
      "engines": {
        "node": ">=10"
      }
    },
    "node_modules/@swc/core-linux-arm64-musl": {
      "version": "1.2.172",
      "resolved": "https://registry.npmjs.org/@swc/core-linux-arm64-musl/-/core-linux-arm64-musl-1.2.172.tgz",
      "integrity": "sha512-gBGg7tgF3s5YZAUShHBs3LcQuZdFhlrwz5ixXnKy2p6dJjN9idMddj7sEV+e/O3q5jsL7T0aaIHE1/t24oLniQ==",
      "cpu": [
        "arm64"
      ],
      "dev": true,
      "optional": true,
      "os": [
        "linux"
      ],
      "engines": {
        "node": ">=10"
      }
    },
    "node_modules/@swc/core-linux-x64-gnu": {
      "version": "1.2.172",
      "resolved": "https://registry.npmjs.org/@swc/core-linux-x64-gnu/-/core-linux-x64-gnu-1.2.172.tgz",
      "integrity": "sha512-t1X3grtfEqLmEtBfsbOO/k/xBocVGhCh3jIeeko2ra1AYWH6KW3fboz8tLvLNyAVzbfzTHnUxcRfRvwIKQnFXg==",
      "cpu": [
        "x64"
      ],
      "dev": true,
      "optional": true,
      "os": [
        "linux"
      ],
      "engines": {
        "node": ">=10"
      }
    },
    "node_modules/@swc/core-linux-x64-musl": {
      "version": "1.2.172",
      "resolved": "https://registry.npmjs.org/@swc/core-linux-x64-musl/-/core-linux-x64-musl-1.2.172.tgz",
      "integrity": "sha512-lPlZg2zRiiVDSmrJZMvqjPHF69heekEXzN1t7k8jeHrL89c1KEOrTFN0ZMcGFkkjWgq04ba6o1RyubTI2B29rw==",
      "cpu": [
        "x64"
      ],
      "dev": true,
      "optional": true,
      "os": [
        "linux"
      ],
      "engines": {
        "node": ">=10"
      }
    },
    "node_modules/@swc/core-win32-arm64-msvc": {
      "version": "1.2.172",
      "resolved": "https://registry.npmjs.org/@swc/core-win32-arm64-msvc/-/core-win32-arm64-msvc-1.2.172.tgz",
      "integrity": "sha512-pAMjBrWEhp33C1F1klvfN3ICU7keX70Ms22bTsobsghUIi1gFY3IUG3rd+BV7dmMpF0FomQRrHjcMoM3T4Urlw==",
      "cpu": [
        "arm64"
      ],
      "dev": true,
      "optional": true,
      "os": [
        "win32"
      ],
      "engines": {
        "node": ">=10"
      }
    },
    "node_modules/@swc/core-win32-ia32-msvc": {
      "version": "1.2.172",
      "resolved": "https://registry.npmjs.org/@swc/core-win32-ia32-msvc/-/core-win32-ia32-msvc-1.2.172.tgz",
      "integrity": "sha512-Z1inaIQSBETWm/r1kkQGa40g7UnEJRmaJm+qOUVjPPCeNNmmcD6bnDbb2SNv3NC0c6odtnn9yiOIWJTiZKyeCg==",
      "cpu": [
        "ia32"
      ],
      "dev": true,
      "optional": true,
      "os": [
        "win32"
      ],
      "engines": {
        "node": ">=10"
      }
    },
    "node_modules/@swc/core-win32-x64-msvc": {
      "version": "1.2.172",
      "resolved": "https://registry.npmjs.org/@swc/core-win32-x64-msvc/-/core-win32-x64-msvc-1.2.172.tgz",
      "integrity": "sha512-q9nMpPpxgBG7j5p31YSag+fm6LjDzorUIRY22QMG/Os68q14sGITm0+B5bLzxa/VkfpqHXLZ48XdcyA3UkKXXw==",
      "cpu": [
        "x64"
      ],
      "dev": true,
      "optional": true,
      "os": [
        "win32"
      ],
      "engines": {
        "node": ">=10"
      }
    },
    "node_modules/@tsconfig/node10": {
      "version": "1.0.8",
      "resolved": "https://registry.npmjs.org/@tsconfig/node10/-/node10-1.0.8.tgz",
      "integrity": "sha512-6XFfSQmMgq0CFLY1MslA/CPUfhIL919M1rMsa5lP2P097N2Wd1sSX0tx1u4olM16fLNhtHZpRhedZJphNJqmZg==",
      "dev": true
    },
    "node_modules/@tsconfig/node12": {
      "version": "1.0.9",
      "resolved": "https://registry.npmjs.org/@tsconfig/node12/-/node12-1.0.9.tgz",
      "integrity": "sha512-/yBMcem+fbvhSREH+s14YJi18sp7J9jpuhYByADT2rypfajMZZN4WQ6zBGgBKp53NKmqI36wFYDb3yaMPurITw==",
      "dev": true
    },
    "node_modules/@tsconfig/node14": {
      "version": "1.0.1",
      "resolved": "https://registry.npmjs.org/@tsconfig/node14/-/node14-1.0.1.tgz",
      "integrity": "sha512-509r2+yARFfHHE7T6Puu2jjkoycftovhXRqW328PDXTVGKihlb1P8Z9mMZH04ebyajfRY7dedfGynlrFHJUQCg==",
      "dev": true
    },
    "node_modules/@tsconfig/node16": {
      "version": "1.0.2",
      "resolved": "https://registry.npmjs.org/@tsconfig/node16/-/node16-1.0.2.tgz",
      "integrity": "sha512-eZxlbI8GZscaGS7kkc/trHTT5xgrjH3/1n2JDwusC9iahPKWMRvRjJSAN5mCXviuTGQ/lHnhvv8Q1YTpnfz9gA==",
      "dev": true
    },
    "node_modules/@tsconfig/strictest": {
      "version": "1.0.1",
      "resolved": "https://registry.npmjs.org/@tsconfig/strictest/-/strictest-1.0.1.tgz",
      "integrity": "sha512-7O8Q537UQdTZSKEV0f5WRLRFtfL9B8agGqIZrCOwOiWvbjZWPP2rAoZ7LHcwjdG4vnjdleHMEE+ZetM+lhRkcA==",
      "dev": true
    },
    "node_modules/@types/node": {
      "version": "17.0.29",
      "resolved": "https://registry.npmjs.org/@types/node/-/node-17.0.29.tgz",
      "integrity": "sha512-tx5jMmMFwx7wBwq/V7OohKDVb/JwJU5qCVkeLMh1//xycAJ/ESuw9aJ9SEtlCZDYi2pBfe4JkisSoAtbOsBNAA==",
      "dev": true
    },
    "node_modules/acorn": {
      "version": "8.7.1",
      "resolved": "https://registry.npmjs.org/acorn/-/acorn-8.7.1.tgz",
      "integrity": "sha512-Xx54uLJQZ19lKygFXOWsscKUbsBZW0CPykPhVQdhIeIwrbPmJzqeASDInc8nKBnp/JT6igTs82qPXz069H8I/A==",
      "dev": true,
      "bin": {
        "acorn": "bin/acorn"
      },
      "engines": {
        "node": ">=0.4.0"
      }
    },
    "node_modules/acorn-walk": {
      "version": "8.2.0",
      "resolved": "https://registry.npmjs.org/acorn-walk/-/acorn-walk-8.2.0.tgz",
      "integrity": "sha512-k+iyHEuPgSw6SbuDpGQM+06HQUa04DZ3o+F6CSzXMvvI5KMvnaEqXe+YVe555R9nn6GPt404fos4wcgpw12SDA==",
      "dev": true,
      "engines": {
        "node": ">=0.4.0"
      }
    },
    "node_modules/arg": {
      "version": "4.1.3",
      "resolved": "https://registry.npmjs.org/arg/-/arg-4.1.3.tgz",
      "integrity": "sha512-58S9QDqG0Xx27YwPSt9fJxivjYl432YCwfDMfZ+71RAqUrZef7LrKQZ3LHLOwCS4FLNBplP533Zx895SeOCHvA==",
      "dev": true
    },
    "node_modules/create-require": {
      "version": "1.1.1",
      "resolved": "https://registry.npmjs.org/create-require/-/create-require-1.1.1.tgz",
      "integrity": "sha512-dcKFX3jn0MpIaXjisoRvexIJVEKzaq7z2rZKxf+MSr9TkdmHmsU4m2lcLojrj/FHl8mk5VxMmYA+ftRkP/3oKQ==",
      "dev": true
    },
    "node_modules/diff": {
      "version": "4.0.2",
      "resolved": "https://registry.npmjs.org/diff/-/diff-4.0.2.tgz",
      "integrity": "sha512-58lmxKSA4BNyLz+HHMUzlOEpg09FV+ev6ZMe3vJihgdxzgcwZ8VoEEPmALCZG9LmqfVoNMMKpttIYTVG6uDY7A==",
      "dev": true,
      "engines": {
        "node": ">=0.3.1"
      }
    },
    "node_modules/make-error": {
      "version": "1.3.6",
      "resolved": "https://registry.npmjs.org/make-error/-/make-error-1.3.6.tgz",
      "integrity": "sha512-s8UhlNe7vPKomQhC1qFelMokr/Sc3AgNbso3n74mVPA5LTZwkB9NlXf4XPamLxJE8h0gh73rM94xvwRT2CVInw==",
      "dev": true
    },
    "node_modules/prisma": {
      "version": "3.13.0",
      "resolved": "https://registry.npmjs.org/prisma/-/prisma-3.13.0.tgz",
      "integrity": "sha512-oO1auBnBtieGdiN+57IgsA9Vr7Sy4HkILi1KSaUG4mpKfEbnkTGnLOxAqjLed+K2nsG/GtE1tJBtB7JxN1a78Q==",
      "devOptional": true,
      "hasInstallScript": true,
      "dependencies": {
        "@prisma/engines": "3.13.0-17.efdf9b1183dddfd4258cd181a72125755215ab7b",
        "ts-pattern": "^4.0.1"
      },
      "bin": {
        "prisma": "build/index.js",
        "prisma2": "build/index.js"
      },
      "engines": {
        "node": ">=12.6"
      }
    },
    "node_modules/ts-node": {
      "version": "10.7.0",
      "resolved": "https://registry.npmjs.org/ts-node/-/ts-node-10.7.0.tgz",
      "integrity": "sha512-TbIGS4xgJoX2i3do417KSaep1uRAW/Lu+WAL2doDHC0D6ummjirVOXU5/7aiZotbQ5p1Zp9tP7U6cYhA0O7M8A==",
      "dev": true,
      "dependencies": {
        "@cspotcode/source-map-support": "0.7.0",
        "@tsconfig/node10": "^1.0.7",
        "@tsconfig/node12": "^1.0.7",
        "@tsconfig/node14": "^1.0.0",
        "@tsconfig/node16": "^1.0.2",
        "acorn": "^8.4.1",
        "acorn-walk": "^8.1.1",
        "arg": "^4.1.0",
        "create-require": "^1.1.0",
        "diff": "^4.0.1",
        "make-error": "^1.1.1",
        "v8-compile-cache-lib": "^3.0.0",
        "yn": "3.1.1"
      },
      "bin": {
        "ts-node": "dist/bin.js",
        "ts-node-cwd": "dist/bin-cwd.js",
        "ts-node-esm": "dist/bin-esm.js",
        "ts-node-script": "dist/bin-script.js",
        "ts-node-transpile-only": "dist/bin-transpile.js",
        "ts-script": "dist/bin-script-deprecated.js"
      },
      "peerDependencies": {
        "@swc/core": ">=1.2.50",
        "@swc/wasm": ">=1.2.50",
        "@types/node": "*",
        "typescript": ">=2.7"
      },
      "peerDependenciesMeta": {
        "@swc/core": {
          "optional": true
        },
        "@swc/wasm": {
          "optional": true
        }
      }
    },
    "node_modules/ts-pattern": {
      "version": "4.0.2",
      "resolved": "https://registry.npmjs.org/ts-pattern/-/ts-pattern-4.0.2.tgz",
      "integrity": "sha512-eHqR/7A6fcw05vCOfnL6RwgGJbVi9G/YHTdYdjYmElhDdJ1SMn7pWs+6+YuxygaFwQS/g+cIDlu+UD8IVpur1A==",
      "devOptional": true
    },
    "node_modules/typescript": {
      "version": "4.6.3",
      "resolved": "https://registry.npmjs.org/typescript/-/typescript-4.6.3.tgz",
      "integrity": "sha512-yNIatDa5iaofVozS/uQJEl3JRWLKKGJKh6Yaiv0GLGSuhpFJe7P3SbHZ8/yjAHRQwKRoA6YZqlfjXWmVzoVSMw==",
      "dev": true,
      "peer": true,
      "bin": {
        "tsc": "bin/tsc",
        "tsserver": "bin/tsserver"
      },
      "engines": {
        "node": ">=4.2.0"
      }
    },
    "node_modules/v8-compile-cache-lib": {
      "version": "3.0.1",
      "resolved": "https://registry.npmjs.org/v8-compile-cache-lib/-/v8-compile-cache-lib-3.0.1.tgz",
      "integrity": "sha512-wa7YjyUGfNZngI/vtK0UHAN+lgDCxBPCylVXGp0zu59Fz5aiGtNXaq3DhIov063MorB+VfufLh3JlF2KdTK3xg==",
      "dev": true
    },
    "node_modules/yn": {
      "version": "3.1.1",
      "resolved": "https://registry.npmjs.org/yn/-/yn-3.1.1.tgz",
      "integrity": "sha512-Ux4ygGWsu2c7isFWe8Yu1YluJmqVhxqK2cLXNQA5AcC3QfbGNpM7fu0Y8b/z16pXLnFxZYvWhd3fhBY9DLmC6Q==",
      "dev": true,
      "engines": {
        "node": ">=6"
      }
    }
  },
  "dependencies": {
    "@cspotcode/source-map-consumer": {
      "version": "0.8.0",
      "resolved": "https://registry.npmjs.org/@cspotcode/source-map-consumer/-/source-map-consumer-0.8.0.tgz",
      "integrity": "sha512-41qniHzTU8yAGbCp04ohlmSrZf8bkf/iJsl3V0dRGsQN/5GFfx+LbCSsCpp2gqrqjTVg/K6O8ycoV35JIwAzAg==",
      "dev": true
    },
    "@cspotcode/source-map-support": {
      "version": "0.7.0",
      "resolved": "https://registry.npmjs.org/@cspotcode/source-map-support/-/source-map-support-0.7.0.tgz",
      "integrity": "sha512-X4xqRHqN8ACt2aHVe51OxeA2HjbcL4MqFqXkrmQszJ1NOUuUu5u6Vqx/0lZSVNku7velL5FC/s5uEAj1lsBMhA==",
      "dev": true,
      "requires": {
        "@cspotcode/source-map-consumer": "0.8.0"
      }
    },
    "@prisma/client": {
      "version": "3.13.0",
      "resolved": "https://registry.npmjs.org/@prisma/client/-/client-3.13.0.tgz",
      "integrity": "sha512-lnEA2tTyVbO5mS1ehmHJQKBDiKB8shaR6s3azwj3Azfi5XHIfnqmkolLCvUeFYnkDCNVzGXJpUgKwQt/UOOYVQ==",
      "requires": {
        "@prisma/engines-version": "3.13.0-17.efdf9b1183dddfd4258cd181a72125755215ab7b"
      }
    },
    "@prisma/engines": {
      "version": "3.13.0-17.efdf9b1183dddfd4258cd181a72125755215ab7b",
      "resolved": "https://registry.npmjs.org/@prisma/engines/-/engines-3.13.0-17.efdf9b1183dddfd4258cd181a72125755215ab7b.tgz",
      "integrity": "sha512-Ip9CcCeUocH61eXu4BUGpvl5KleQyhcUVLpWCv+0ZmDv44bFaDpREqjGHHdRupvPN/ugB6gTlD9b9ewdj02yVA==",
      "devOptional": true
    },
    "@prisma/engines-version": {
      "version": "3.13.0-17.efdf9b1183dddfd4258cd181a72125755215ab7b",
      "resolved": "https://registry.npmjs.org/@prisma/engines-version/-/engines-version-3.13.0-17.efdf9b1183dddfd4258cd181a72125755215ab7b.tgz",
      "integrity": "sha512-TGp9rvgJIKo8NgvAHSwOosbut9mTA7VC6/rpQI9gh+ySSRjdQFhbGyNUiOcQrlI9Ob2DWeO7y4HEnhdKxYiECg=="
    },
    "@swc/core": {
      "version": "1.2.172",
      "resolved": "https://registry.npmjs.org/@swc/core/-/core-1.2.172.tgz",
      "integrity": "sha512-Jd3Czz46LUrBldXO1G9LUOoH/PxkRWxwsf2siUaX5arC2bkQsRt7i7czVHo0cbaCo78Nr84jvDN1gBr6e1aEtQ==",
      "dev": true,
      "requires": {
        "@swc/core-android-arm-eabi": "1.2.172",
        "@swc/core-android-arm64": "1.2.172",
        "@swc/core-darwin-arm64": "1.2.172",
        "@swc/core-darwin-x64": "1.2.172",
        "@swc/core-freebsd-x64": "1.2.172",
        "@swc/core-linux-arm-gnueabihf": "1.2.172",
        "@swc/core-linux-arm64-gnu": "1.2.172",
        "@swc/core-linux-arm64-musl": "1.2.172",
        "@swc/core-linux-x64-gnu": "1.2.172",
        "@swc/core-linux-x64-musl": "1.2.172",
        "@swc/core-win32-arm64-msvc": "1.2.172",
        "@swc/core-win32-ia32-msvc": "1.2.172",
        "@swc/core-win32-x64-msvc": "1.2.172"
      }
    },
    "@swc/core-android-arm-eabi": {
      "version": "1.2.172",
      "resolved": "https://registry.npmjs.org/@swc/core-android-arm-eabi/-/core-android-arm-eabi-1.2.172.tgz",
      "integrity": "sha512-r0Jf/ZArqPDQ0zojA2IrI4/OZoWUu/Rti0dbO/f5lYJNzasNZwelhN7xrGrzTm39ZFL5ekDw66FLFPP0q0bMgw==",
      "dev": true,
      "optional": true
    },
    "@swc/core-android-arm64": {
      "version": "1.2.172",
      "resolved": "https://registry.npmjs.org/@swc/core-android-arm64/-/core-android-arm64-1.2.172.tgz",
      "integrity": "sha512-l+D0nq6jR6FV8NwhWKIz1lwGbGBHAK8OnmyJfgiVnv+vMGm8LEocU7T2XBq+5ixWdeMtIYbD/g0zapbcaWbouw==",
      "dev": true,
      "optional": true
    },
    "@swc/core-darwin-arm64": {
      "version": "1.2.172",
      "resolved": "https://registry.npmjs.org/@swc/core-darwin-arm64/-/core-darwin-arm64-1.2.172.tgz",
      "integrity": "sha512-8BnauUKiScAEXzS6Ldk8GNP2BnH8RS5nF93xaeO0cUgc7QuBarwH5Y+tSCY9Vy4uUkCBY1gKe8yaJUXsvT5C0w==",
      "dev": true,
      "optional": true
    },
    "@swc/core-darwin-x64": {
      "version": "1.2.172",
      "resolved": "https://registry.npmjs.org/@swc/core-darwin-x64/-/core-darwin-x64-1.2.172.tgz",
      "integrity": "sha512-NlT+ginLBAYlGQzXiW+ZjlBD2/dTP5mo0ByF0nIdku4cFiTbIOfuTe6Uc0SrcIER1vuVBBvJkZmVrtgaV8DeAQ==",
      "dev": true,
      "optional": true
    },
    "@swc/core-freebsd-x64": {
      "version": "1.2.172",
      "resolved": "https://registry.npmjs.org/@swc/core-freebsd-x64/-/core-freebsd-x64-1.2.172.tgz",
      "integrity": "sha512-TBDGbX9WInEAOCAYWJthqhCpqcETjTSYVNicKQsUMSbYbBOYqtOSeLBKxDTT7E4sP4owvUW8mzig5Iuz2vJseg==",
      "dev": true,
      "optional": true
    },
    "@swc/core-linux-arm-gnueabihf": {
      "version": "1.2.172",
      "resolved": "https://registry.npmjs.org/@swc/core-linux-arm-gnueabihf/-/core-linux-arm-gnueabihf-1.2.172.tgz",
      "integrity": "sha512-oe+py6WiWRi/IqmkQFfD7HEkGTv1AAYgTW0sxDbsQP7BM8FyKtMyJoey1umE5IumewSf5gAZ8Twf4h0YPvR5wQ==",
      "dev": true,
      "optional": true
    },
    "@swc/core-linux-arm64-gnu": {
      "version": "1.2.172",
      "resolved": "https://registry.npmjs.org/@swc/core-linux-arm64-gnu/-/core-linux-arm64-gnu-1.2.172.tgz",
      "integrity": "sha512-dlseuiwjR1/sDNOJtpLB/MxeyuPq+5M6gzB+E1IVHZNSDeexXt8jVF7pomTHLmIkKl8sm2uVwVKK6r2KUH9Gcg==",
      "dev": true,
      "optional": true
    },
    "@swc/core-linux-arm64-musl": {
      "version": "1.2.172",
      "resolved": "https://registry.npmjs.org/@swc/core-linux-arm64-musl/-/core-linux-arm64-musl-1.2.172.tgz",
      "integrity": "sha512-gBGg7tgF3s5YZAUShHBs3LcQuZdFhlrwz5ixXnKy2p6dJjN9idMddj7sEV+e/O3q5jsL7T0aaIHE1/t24oLniQ==",
      "dev": true,
      "optional": true
    },
    "@swc/core-linux-x64-gnu": {
      "version": "1.2.172",
      "resolved": "https://registry.npmjs.org/@swc/core-linux-x64-gnu/-/core-linux-x64-gnu-1.2.172.tgz",
      "integrity": "sha512-t1X3grtfEqLmEtBfsbOO/k/xBocVGhCh3jIeeko2ra1AYWH6KW3fboz8tLvLNyAVzbfzTHnUxcRfRvwIKQnFXg==",
      "dev": true,
      "optional": true
    },
    "@swc/core-linux-x64-musl": {
      "version": "1.2.172",
      "resolved": "https://registry.npmjs.org/@swc/core-linux-x64-musl/-/core-linux-x64-musl-1.2.172.tgz",
      "integrity": "sha512-lPlZg2zRiiVDSmrJZMvqjPHF69heekEXzN1t7k8jeHrL89c1KEOrTFN0ZMcGFkkjWgq04ba6o1RyubTI2B29rw==",
      "dev": true,
      "optional": true
    },
    "@swc/core-win32-arm64-msvc": {
      "version": "1.2.172",
      "resolved": "https://registry.npmjs.org/@swc/core-win32-arm64-msvc/-/core-win32-arm64-msvc-1.2.172.tgz",
      "integrity": "sha512-pAMjBrWEhp33C1F1klvfN3ICU7keX70Ms22bTsobsghUIi1gFY3IUG3rd+BV7dmMpF0FomQRrHjcMoM3T4Urlw==",
      "dev": true,
      "optional": true
    },
    "@swc/core-win32-ia32-msvc": {
      "version": "1.2.172",
      "resolved": "https://registry.npmjs.org/@swc/core-win32-ia32-msvc/-/core-win32-ia32-msvc-1.2.172.tgz",
      "integrity": "sha512-Z1inaIQSBETWm/r1kkQGa40g7UnEJRmaJm+qOUVjPPCeNNmmcD6bnDbb2SNv3NC0c6odtnn9yiOIWJTiZKyeCg==",
      "dev": true,
      "optional": true
    },
    "@swc/core-win32-x64-msvc": {
      "version": "1.2.172",
      "resolved": "https://registry.npmjs.org/@swc/core-win32-x64-msvc/-/core-win32-x64-msvc-1.2.172.tgz",
      "integrity": "sha512-q9nMpPpxgBG7j5p31YSag+fm6LjDzorUIRY22QMG/Os68q14sGITm0+B5bLzxa/VkfpqHXLZ48XdcyA3UkKXXw==",
      "dev": true,
      "optional": true
    },
    "@tsconfig/node10": {
      "version": "1.0.8",
      "resolved": "https://registry.npmjs.org/@tsconfig/node10/-/node10-1.0.8.tgz",
      "integrity": "sha512-6XFfSQmMgq0CFLY1MslA/CPUfhIL919M1rMsa5lP2P097N2Wd1sSX0tx1u4olM16fLNhtHZpRhedZJphNJqmZg==",
      "dev": true
    },
    "@tsconfig/node12": {
      "version": "1.0.9",
      "resolved": "https://registry.npmjs.org/@tsconfig/node12/-/node12-1.0.9.tgz",
      "integrity": "sha512-/yBMcem+fbvhSREH+s14YJi18sp7J9jpuhYByADT2rypfajMZZN4WQ6zBGgBKp53NKmqI36wFYDb3yaMPurITw==",
      "dev": true
    },
    "@tsconfig/node14": {
      "version": "1.0.1",
      "resolved": "https://registry.npmjs.org/@tsconfig/node14/-/node14-1.0.1.tgz",
      "integrity": "sha512-509r2+yARFfHHE7T6Puu2jjkoycftovhXRqW328PDXTVGKihlb1P8Z9mMZH04ebyajfRY7dedfGynlrFHJUQCg==",
      "dev": true
    },
    "@tsconfig/node16": {
      "version": "1.0.2",
      "resolved": "https://registry.npmjs.org/@tsconfig/node16/-/node16-1.0.2.tgz",
      "integrity": "sha512-eZxlbI8GZscaGS7kkc/trHTT5xgrjH3/1n2JDwusC9iahPKWMRvRjJSAN5mCXviuTGQ/lHnhvv8Q1YTpnfz9gA==",
      "dev": true
    },
    "@tsconfig/strictest": {
      "version": "1.0.1",
      "resolved": "https://registry.npmjs.org/@tsconfig/strictest/-/strictest-1.0.1.tgz",
      "integrity": "sha512-7O8Q537UQdTZSKEV0f5WRLRFtfL9B8agGqIZrCOwOiWvbjZWPP2rAoZ7LHcwjdG4vnjdleHMEE+ZetM+lhRkcA==",
      "dev": true
    },
    "@types/node": {
      "version": "17.0.29",
      "resolved": "https://registry.npmjs.org/@types/node/-/node-17.0.29.tgz",
      "integrity": "sha512-tx5jMmMFwx7wBwq/V7OohKDVb/JwJU5qCVkeLMh1//xycAJ/ESuw9aJ9SEtlCZDYi2pBfe4JkisSoAtbOsBNAA==",
      "dev": true
    },
    "acorn": {
      "version": "8.7.1",
      "resolved": "https://registry.npmjs.org/acorn/-/acorn-8.7.1.tgz",
      "integrity": "sha512-Xx54uLJQZ19lKygFXOWsscKUbsBZW0CPykPhVQdhIeIwrbPmJzqeASDInc8nKBnp/JT6igTs82qPXz069H8I/A==",
      "dev": true
    },
    "acorn-walk": {
      "version": "8.2.0",
      "resolved": "https://registry.npmjs.org/acorn-walk/-/acorn-walk-8.2.0.tgz",
      "integrity": "sha512-k+iyHEuPgSw6SbuDpGQM+06HQUa04DZ3o+F6CSzXMvvI5KMvnaEqXe+YVe555R9nn6GPt404fos4wcgpw12SDA==",
      "dev": true
    },
    "arg": {
      "version": "4.1.3",
      "resolved": "https://registry.npmjs.org/arg/-/arg-4.1.3.tgz",
      "integrity": "sha512-58S9QDqG0Xx27YwPSt9fJxivjYl432YCwfDMfZ+71RAqUrZef7LrKQZ3LHLOwCS4FLNBplP533Zx895SeOCHvA==",
      "dev": true
    },
    "create-require": {
      "version": "1.1.1",
      "resolved": "https://registry.npmjs.org/create-require/-/create-require-1.1.1.tgz",
      "integrity": "sha512-dcKFX3jn0MpIaXjisoRvexIJVEKzaq7z2rZKxf+MSr9TkdmHmsU4m2lcLojrj/FHl8mk5VxMmYA+ftRkP/3oKQ==",
      "dev": true
    },
    "diff": {
      "version": "4.0.2",
      "resolved": "https://registry.npmjs.org/diff/-/diff-4.0.2.tgz",
      "integrity": "sha512-58lmxKSA4BNyLz+HHMUzlOEpg09FV+ev6ZMe3vJihgdxzgcwZ8VoEEPmALCZG9LmqfVoNMMKpttIYTVG6uDY7A==",
      "dev": true
    },
    "make-error": {
      "version": "1.3.6",
      "resolved": "https://registry.npmjs.org/make-error/-/make-error-1.3.6.tgz",
      "integrity": "sha512-s8UhlNe7vPKomQhC1qFelMokr/Sc3AgNbso3n74mVPA5LTZwkB9NlXf4XPamLxJE8h0gh73rM94xvwRT2CVInw==",
      "dev": true
    },
    "prisma": {
      "version": "3.13.0",
      "resolved": "https://registry.npmjs.org/prisma/-/prisma-3.13.0.tgz",
      "integrity": "sha512-oO1auBnBtieGdiN+57IgsA9Vr7Sy4HkILi1KSaUG4mpKfEbnkTGnLOxAqjLed+K2nsG/GtE1tJBtB7JxN1a78Q==",
      "devOptional": true,
      "requires": {
        "@prisma/engines": "3.13.0-17.efdf9b1183dddfd4258cd181a72125755215ab7b",
        "ts-pattern": "^4.0.1"
      }
    },
    "ts-node": {
      "version": "10.7.0",
      "resolved": "https://registry.npmjs.org/ts-node/-/ts-node-10.7.0.tgz",
      "integrity": "sha512-TbIGS4xgJoX2i3do417KSaep1uRAW/Lu+WAL2doDHC0D6ummjirVOXU5/7aiZotbQ5p1Zp9tP7U6cYhA0O7M8A==",
      "dev": true,
      "requires": {
        "@cspotcode/source-map-support": "0.7.0",
        "@tsconfig/node10": "^1.0.7",
        "@tsconfig/node12": "^1.0.7",
        "@tsconfig/node14": "^1.0.0",
        "@tsconfig/node16": "^1.0.2",
        "acorn": "^8.4.1",
        "acorn-walk": "^8.1.1",
        "arg": "^4.1.0",
        "create-require": "^1.1.0",
        "diff": "^4.0.1",
        "make-error": "^1.1.1",
        "v8-compile-cache-lib": "^3.0.0",
        "yn": "3.1.1"
      }
    },
    "ts-pattern": {
      "version": "4.0.2",
      "resolved": "https://registry.npmjs.org/ts-pattern/-/ts-pattern-4.0.2.tgz",
      "integrity": "sha512-eHqR/7A6fcw05vCOfnL6RwgGJbVi9G/YHTdYdjYmElhDdJ1SMn7pWs+6+YuxygaFwQS/g+cIDlu+UD8IVpur1A==",
      "devOptional": true
    },
    "typescript": {
      "version": "4.6.3",
      "resolved": "https://registry.npmjs.org/typescript/-/typescript-4.6.3.tgz",
      "integrity": "sha512-yNIatDa5iaofVozS/uQJEl3JRWLKKGJKh6Yaiv0GLGSuhpFJe7P3SbHZ8/yjAHRQwKRoA6YZqlfjXWmVzoVSMw==",
      "dev": true,
      "peer": true
    },
    "v8-compile-cache-lib": {
      "version": "3.0.1",
      "resolved": "https://registry.npmjs.org/v8-compile-cache-lib/-/v8-compile-cache-lib-3.0.1.tgz",
      "integrity": "sha512-wa7YjyUGfNZngI/vtK0UHAN+lgDCxBPCylVXGp0zu59Fz5aiGtNXaq3DhIov063MorB+VfufLh3JlF2KdTK3xg==",
      "dev": true
    },
    "yn": {
      "version": "3.1.1",
      "resolved": "https://registry.npmjs.org/yn/-/yn-3.1.1.tgz",
      "integrity": "sha512-Ux4ygGWsu2c7isFWe8Yu1YluJmqVhxqK2cLXNQA5AcC3QfbGNpM7fu0Y8b/z16pXLnFxZYvWhd3fhBY9DLmC6Q==",
      "dev": true
    }
  }
}
